// !$*UTF8*$!
{
	archiveVersion = 1;
	classes = {
	};
	objectVersion = 50;
	objects = {

/* Begin PBXBuildFile section */
		355934952467FF7D00764A46 /* AppDelegate.swift in Sources */ = {isa = PBXBuildFile; fileRef = 355934942467FF7D00764A46 /* AppDelegate.swift */; };
		355934972467FF7D00764A46 /* SceneDelegate.swift in Sources */ = {isa = PBXBuildFile; fileRef = 355934962467FF7D00764A46 /* SceneDelegate.swift */; };
		355934992467FF7D00764A46 /* ViewController.swift in Sources */ = {isa = PBXBuildFile; fileRef = 355934982467FF7D00764A46 /* ViewController.swift */; };
		3559349C2467FF7D00764A46 /* Main.storyboard in Resources */ = {isa = PBXBuildFile; fileRef = 3559349A2467FF7D00764A46 /* Main.storyboard */; };
		3559349E2467FF7E00764A46 /* Assets.xcassets in Resources */ = {isa = PBXBuildFile; fileRef = 3559349D2467FF7E00764A46 /* Assets.xcassets */; };
		355934A12467FF7E00764A46 /* LaunchScreen.storyboard in Resources */ = {isa = PBXBuildFile; fileRef = 3559349F2467FF7E00764A46 /* LaunchScreen.storyboard */; };
		355934A92468006900764A46 /* NumberButton.swift in Sources */ = {isa = PBXBuildFile; fileRef = 355934A82468006900764A46 /* NumberButton.swift */; };
/* End PBXBuildFile section */

/* Begin PBXFileReference section */
		355934912467FF7D00764A46 /* Calculation.app */ = {isa = PBXFileReference; explicitFileType = wrapper.application; includeInIndex = 0; path = Calculation.app; sourceTree = BUILT_PRODUCTS_DIR; };
		355934942467FF7D00764A46 /* AppDelegate.swift */ = {isa = PBXFileReference; lastKnownFileType = sourcecode.swift; path = AppDelegate.swift; sourceTree = "<group>"; };
		355934962467FF7D00764A46 /* SceneDelegate.swift */ = {isa = PBXFileReference; lastKnownFileType = sourcecode.swift; path = SceneDelegate.swift; sourceTree = "<group>"; };
		355934982467FF7D00764A46 /* ViewController.swift */ = {isa = PBXFileReference; lastKnownFileType = sourcecode.swift; path = ViewController.swift; sourceTree = "<group>"; };
		3559349B2467FF7D00764A46 /* Base */ = {isa = PBXFileReference; lastKnownFileType = file.storyboard; name = Base; path = Base.lproj/Main.storyboard; sourceTree = "<group>"; };
		3559349D2467FF7E00764A46 /* Assets.xcassets */ = {isa = PBXFileReference; lastKnownFileType = folder.assetcatalog; path = Assets.xcassets; sourceTree = "<group>"; };
		355934A02467FF7E00764A46 /* Base */ = {isa = PBXFileReference; lastKnownFileType = file.storyboard; name = Base; path = Base.lproj/LaunchScreen.storyboard; sourceTree = "<group>"; };
		355934A22467FF7E00764A46 /* Info.plist */ = {isa = PBXFileReference; lastKnownFileType = text.plist.xml; path = Info.plist; sourceTree = "<group>"; };
		355934A82468006900764A46 /* NumberButton.swift */ = {isa = PBXFileReference; lastKnownFileType = sourcecode.swift; path = NumberButton.swift; sourceTree = "<group>"; };
/* End PBXFileReference section */

/* Begin PBXFrameworksBuildPhase section */
		3559348E2467FF7D00764A46 /* Frameworks */ = {
			isa = PBXFrameworksBuildPhase;
			buildActionMask = 2147483647;
			files = (
			);
			runOnlyForDeploymentPostprocessing = 0;
		};
/* End PBXFrameworksBuildPhase section */

/* Begin PBXGroup section */
		355934882467FF7D00764A46 = {
			isa = PBXGroup;
			children = (
				355934932467FF7D00764A46 /* Calculation */,
				355934922467FF7D00764A46 /* Products */,
			);
			sourceTree = "<group>";
		};
		355934922467FF7D00764A46 /* Products */ = {
			isa = PBXGroup;
			children = (
				355934912467FF7D00764A46 /* Calculation.app */,
			);
			name = Products;
			sourceTree = "<group>";
		};
		355934932467FF7D00764A46 /* Calculation */ = {
			isa = PBXGroup;
			children = (
				355934A82468006900764A46 /* NumberButton.swift */,
				355934942467FF7D00764A46 /* AppDelegate.swift */,
				355934962467FF7D00764A46 /* SceneDelegate.swift */,
				355934982467FF7D00764A46 /* ViewController.swift */,
				3559349A2467FF7D00764A46 /* Main.storyboard */,
				3559349D2467FF7E00764A46 /* Assets.xcassets */,
				3559349F2467FF7E00764A46 /* LaunchScreen.storyboard */,
				355934A22467FF7E00764A46 /* Info.plist */,
			);
			path = Calculation;
			sourceTree = "<group>";
		};
/* End PBXGroup section */

/* Begin PBXNativeTarget section */
		355934902467FF7D00764A46 /* Calculation */ = {
			isa = PBXNativeTarget;
			buildConfigurationList = 355934A52467FF7E00764A46 /* Build configuration list for PBXNativeTarget "Calculation" */;
			buildPhases = (
				3559348D2467FF7D00764A46 /* Sources */,
				3559348E2467FF7D00764A46 /* Frameworks */,
				3559348F2467FF7D00764A46 /* Resources */,
			);
			buildRules = (
			);
			dependencies = (
			);
			name = Calculation;
			productName = Calculation;
			productReference = 355934912467FF7D00764A46 /* Calculation.app */;
			productType = "com.apple.product-type.application";
		};
/* End PBXNativeTarget section */

/* Begin PBXProject section */
		355934892467FF7D00764A46 /* Project object */ = {
			isa = PBXProject;
			attributes = {
				LastSwiftUpdateCheck = 1140;
				LastUpgradeCheck = 1140;
				ORGANIZATIONNAME = JSilver;
				TargetAttributes = {
					355934902467FF7D00764A46 = {
						CreatedOnToolsVersion = 11.4;
					};
				};
			};
			buildConfigurationList = 3559348C2467FF7D00764A46 /* Build configuration list for PBXProject "Calculation" */;
			compatibilityVersion = "Xcode 9.3";
			developmentRegion = en;
			hasScannedForEncodings = 0;
			knownRegions = (
				en,
				Base,
			);
			mainGroup = 355934882467FF7D00764A46;
			productRefGroup = 355934922467FF7D00764A46 /* Products */;
			projectDirPath = "";
			projectRoot = "";
			targets = (
				355934902467FF7D00764A46 /* Calculation */,
			);
		};
/* End PBXProject section */

/* Begin PBXResourcesBuildPhase section */
		3559348F2467FF7D00764A46 /* Resources */ = {
			isa = PBXResourcesBuildPhase;
			buildActionMask = 2147483647;
			files = (
				355934A12467FF7E00764A46 /* LaunchScreen.storyboard in Resources */,
				3559349E2467FF7E00764A46 /* Assets.xcassets in Resources */,
				3559349C2467FF7D00764A46 /* Main.storyboard in Resources */,
			);
			runOnlyForDeploymentPostprocessing = 0;
		};
/* End PBXResourcesBuildPhase section */

/* Begin PBXSourcesBuildPhase section */
		3559348D2467FF7D00764A46 /* Sources */ = {
			isa = PBXSourcesBuildPhase;
			buildActionMask = 2147483647;
			files = (
				355934992467FF7D00764A46 /* ViewController.swift in Sources */,
				355934952467FF7D00764A46 /* AppDelegate.swift in Sources */,
				355934A92468006900764A46 /* NumberButton.swift in Sources */,
				355934972467FF7D00764A46 /* SceneDelegate.swift in Sources */,
			);
			runOnlyForDeploymentPostprocessing = 0;
		};
/* End PBXSourcesBuildPhase section */

/* Begin PBXVariantGroup section */
		3559349A2467FF7D00764A46 /* Main.storyboard */ = {
			isa = PBXVariantGroup;
			children = (
				3559349B2467FF7D00764A46 /* Base */,
			);
			name = Main.storyboard;
			sourceTree = "<group>";
		};
		3559349F2467FF7E00764A46 /* LaunchScreen.storyboard */ = {
			isa = PBXVariantGroup;
			children = (
				355934A02467FF7E00764A46 /* Base */,
			);
			name = LaunchScreen.storyboard;
			sourceTree = "<group>";
		};
/* End PBXVariantGroup section */

/* Begin XCBuildConfiguration section */
		355934A32467FF7E00764A46 /* Debug */ = {
			isa = XCBuildConfiguration;
			buildSettings = {
				ALWAYS_SEARCH_USER_PATHS = NO;
				CLANG_ANALYZER_NONNULL = YES;
				CLANG_ANALYZER_NUMBER_OBJECT_CONVERSION = YES_AGGRESSIVE;
				CLANG_CXX_LANGUAGE_STANDARD = "gnu++14";
				CLANG_CXX_LIBRARY = "libc++";
				CLANG_ENABLE_MODULES = YES;
				CLANG_ENABLE_OBJC_ARC = YES;
				CLANG_ENABLE_OBJC_WEAK = YES;
				CLANG_WARN_BLOCK_CAPTURE_AUTORELEASING = YES;
				CLANG_WARN_BOOL_CONVERSION = YES;
				CLANG_WARN_COMMA = YES;
				CLANG_WARN_CONSTANT_CONVERSION = YES;
				CLANG_WARN_DEPRECATED_OBJC_IMPLEMENTATIONS = YES;
				CLANG_WARN_DIRECT_OBJC_ISA_USAGE = YES_ERROR;
				CLANG_WARN_DOCUMENTATION_COMMENTS = YES;
				CLANG_WARN_EMPTY_BODY = YES;
				CLANG_WARN_ENUM_CONVERSION = YES;
				CLANG_WARN_INFINITE_RECURSION = YES;
				CLANG_WARN_INT_CONVERSION = YES;
				CLANG_WARN_NON_LITERAL_NULL_CONVERSION = YES;
				CLANG_WARN_OBJC_IMPLICIT_RETAIN_SELF = YES;
				CLANG_WARN_OBJC_LITERAL_CONVERSION = YES;
				CLANG_WARN_OBJC_ROOT_CLASS = YES_ERROR;
				CLANG_WARN_RANGE_LOOP_ANALYSIS = YES;
				CLANG_WARN_STRICT_PROTOTYPES = YES;
				CLANG_WARN_SUSPICIOUS_MOVE = YES;
				CLANG_WARN_UNGUARDED_AVAILABILITY = YES_AGGRESSIVE;
				CLANG_WARN_UNREACHABLE_CODE = YES;
				CLANG_WARN__DUPLICATE_METHOD_MATCH = YES;
				COPY_PHASE_STRIP = NO;
				DEBUG_INFORMATION_FORMAT = dwarf;
				ENABLE_STRICT_OBJC_MSGSEND = YES;
				ENABLE_TESTABILITY = YES;
				GCC_C_LANGUAGE_STANDARD = gnu11;
				GCC_DYNAMIC_NO_PIC = NO;
				GCC_NO_COMMON_BLOCKS = YES;
				GCC_OPTIMIZATION_LEVEL = 0;
				GCC_PREPROCESSOR_DEFINITIONS = (
					"DEBUG=1",
					"$(inherited)",
				);
				GCC_WARN_64_TO_32_BIT_CONVERSION = YES;
				GCC_WARN_ABOUT_RETURN_TYPE = YES_ERROR;
				GCC_WARN_UNDECLARED_SELECTOR = YES;
				GCC_WARN_UNINITIALIZED_AUTOS = YES_AGGRESSIVE;
				GCC_WARN_UNUSED_FUNCTION = YES;
				GCC_WARN_UNUSED_VARIABLE = YES;
				IPHONEOS_DEPLOYMENT_TARGET = 13.4;
				MTL_ENABLE_DEBUG_INFO = INCLUDE_SOURCE;
				MTL_FAST_MATH = YES;
				ONLY_ACTIVE_ARCH = YES;
				SDKROOT = iphoneos;
				SWIFT_ACTIVE_COMPILATION_CONDITIONS = DEBUG;
				SWIFT_OPTIMIZATION_LEVEL = "-Onone";
			};
			name = Debug;
		};
		355934A42467FF7E00764A46 /* Release */ = {
			isa = XCBuildConfiguration;
			buildSettings = {
				ALWAYS_SEARCH_USER_PATHS = NO;
				CLANG_ANALYZER_NONNULL = YES;
				CLANG_ANALYZER_NUMBER_OBJECT_CONVERSION = YES_AGGRESSIVE;
				CLANG_CXX_LANGUAGE_STANDARD = "gnu++14";
				CLANG_CXX_LIBRARY = "libc++";
				CLANG_ENABLE_MODULES = YES;
				CLANG_ENABLE_OBJC_ARC = YES;
				CLANG_ENABLE_OBJC_WEAK = YES;
				CLANG_WARN_BLOCK_CAPTURE_AUTORELEASING = YES;
				CLANG_WARN_BOOL_CONVERSION = YES;
				CLANG_WARN_COMMA = YES;
				CLANG_WARN_CONSTANT_CONVERSION = YES;
				CLANG_WARN_DEPRECATED_OBJC_IMPLEMENTATIONS = YES;
				CLANG_WARN_DIRECT_OBJC_ISA_USAGE = YES_ERROR;
				CLANG_WARN_DOCUMENTATION_COMMENTS = YES;
				CLANG_WARN_EMPTY_BODY = YES;
				CLANG_WARN_ENUM_CONVERSION = YES;
				CLANG_WARN_INFINITE_RECURSION = YES;
				CLANG_WARN_INT_CONVERSION = YES;
				CLANG_WARN_NON_LITERAL_NULL_CONVERSION = YES;
				CLANG_WARN_OBJC_IMPLICIT_RETAIN_SELF = YES;
				CLANG_WARN_OBJC_LITERAL_CONVERSION = YES;
				CLANG_WARN_OBJC_ROOT_CLASS = YES_ERROR;
				CLANG_WARN_RANGE_LOOP_ANALYSIS = YES;
				CLANG_WARN_STRICT_PROTOTYPES = YES;
				CLANG_WARN_SUSPICIOUS_MOVE = YES;
				CLANG_WARN_UNGUARDED_AVAILABILITY = YES_AGGRESSIVE;
				CLANG_WARN_UNREACHABLE_CODE = YES;
				CLANG_WARN__DUPLICATE_METHOD_MATCH = YES;
				COPY_PHASE_STRIP = NO;
				DEBUG_INFORMATION_FORMAT = "dwarf-with-dsym";
				ENABLE_NS_ASSERTIONS = NO;
				ENABLE_STRICT_OBJC_MSGSEND = YES;
				GCC_C_LANGUAGE_STANDARD = gnu11;
				GCC_NO_COMMON_BLOCKS = YES;
				GCC_WARN_64_TO_32_BIT_CONVERSION = YES;
				GCC_WARN_ABOUT_RETURN_TYPE = YES_ERROR;
				GCC_WARN_UNDECLARED_SELECTOR = YES;
				GCC_WARN_UNINITIALIZED_AUTOS = YES_AGGRESSIVE;
				GCC_WARN_UNUSED_FUNCTION = YES;
				GCC_WARN_UNUSED_VARIABLE = YES;
				IPHONEOS_DEPLOYMENT_TARGET = 13.4;
				MTL_ENABLE_DEBUG_INFO = NO;
				MTL_FAST_MATH = YES;
				SDKROOT = iphoneos;
				SWIFT_COMPILATION_MODE = wholemodule;
				SWIFT_OPTIMIZATION_LEVEL = "-O";
				VALIDATE_PRODUCT = YES;
			};
			name = Release;
		};
		355934A62467FF7E00764A46 /* Debug */ = {
			isa = XCBuildConfiguration;
			buildSettings = {
				ASSETCATALOG_COMPILER_APPICON_NAME = AppIcon;
				CODE_SIGN_STYLE = Automatic;
				DEVELOPMENT_TEAM = 742MS96M7S;
				INFOPLIST_FILE = Calculation/Info.plist;
				LD_RUNPATH_SEARCH_PATHS = (
					"$(inherited)",
					"@executable_path/Frameworks",
				);
				PRODUCT_BUNDLE_IDENTIFIER = TaeHyunKim.Calculation;
				PRODUCT_NAME = "$(TARGET_NAME)";
				SWIFT_VERSION = 5.0;
				TARGETED_DEVICE_FAMILY = "1,2";
			};
			name = Debug;
		};
		355934A72467FF7E00764A46 /* Release */ = {
			isa = XCBuildConfiguration;
			buildSettings = {
				ASSETCATALOG_COMPILER_APPICON_NAME = AppIcon;
				CODE_SIGN_STYLE = Automatic;
				DEVELOPMENT_TEAM = 742MS96M7S;
				INFOPLIST_FILE = Calculation/Info.plist;
				LD_RUNPATH_SEARCH_PATHS = (
					"$(inherited)",
					"@executable_path/Frameworks",
				);
				PRODUCT_BUNDLE_IDENTIFIER = TaeHyunKim.Calculation;
				PRODUCT_NAME = "$(TARGET_NAME)";
				SWIFT_VERSION = 5.0;
				TARGETED_DEVICE_FAMILY = "1,2";
			};
			name = Release;
		};
/* End XCBuildConfiguration section */

/* Begin XCConfigurationList section */
		3559348C2467FF7D00764A46 /* Build configuration list for PBXProject "Calculation" */ = {
			isa = XCConfigurationList;
			buildConfigurations = (
				355934A32467FF7E00764A46 /* Debug */,
				355934A42467FF7E00764A46 /* Release */,
			);
			defaultConfigurationIsVisible = 0;
			defaultConfigurationName = Release;
		};
		355934A52467FF7E00764A46 /* Build configuration list for PBXNativeTarget "Calculation" */ = {
			isa = XCConfigurationList;
			buildConfigurations = (
				355934A62467FF7E00764A46 /* Debug */,
				355934A72467FF7E00764A46 /* Release */,
			);
			defaultConfigurationIsVisible = 0;
			defaultConfigurationName = Release;
		};
/* End XCConfigurationList section */
	};
	rootObject = 355934892467FF7D00764A46 /* Project object */;
}
